
Microsoft Visual Studio Solution File, Format Version 12.00
# Visual Studio Version 16
VisualStudioVersion = 16.0.31005.135
MinimumVisualStudioVersion = 10.0.40219.1
Project("{FAE04EC0-301F-11D3-BF4B-00C04F79EFBC}") = "JokesWebApp", "JokesWebApp.csproj", "{0DF26A51-FD1B-4DF7-880E-79F43D34A2A1}"
EndProject
Global
	GlobalSection(SolutionConfigurationPlatforms) = preSolution
		Debug|Any CPU = Debug|Any CPU
		Release|Any CPU = Release|Any CPU
	EndGlobalSection
	GlobalSection(ProjectConfigurationPlatforms) = postSolution
		{0DF26A51-FD1B-4DF7-880E-79F43D34A2A1}.Debug|Any CPU.ActiveCfg = Debug|Any CPU
		{0DF26A51-FD1B-4DF7-880E-79F43D34A2A1}.Debug|Any CPU.Build.0 = Debug|Any CPU
		{0DF26A51-FD1B-4DF7-880E-79F43D34A2A1}.Release|Any CPU.ActiveCfg = Release|Any CPU
		{0DF26A51-FD1B-4DF7-880E-79F43D34A2A1}.Release|Any CPU.Build.0 = Release|Any CPU
	EndGlobalSection
	GlobalSection(SolutionProperties) = preSolution
		HideSolutionNode = FALSE
	EndGlobalSection
	GlobalSection(ExtensibilityGlobals) = postSolution
		SolutionGuid = {F49982FF-CDEF-4CBD-B354-B9283BF5F323}
	EndGlobalSection
EndGlobal
